
Microsoft Visual Studio Solution File, Format Version 12.00
# Visual Studio Version 17
VisualStudioVersion = 17.6.33815.320
MinimumVisualStudioVersion = 10.0.40219.1
Project("{FAE04EC0-301F-11D3-BF4B-00C04F79EFBC}") = "WinFormsAppNeo4j", "WinFormsAppNeo4j\WinFormsAppNeo4j.csproj", "{B881059C-B09C-4D68-BA83-755E412A1733}"
EndProject
Global
	GlobalSection(SolutionConfigurationPlatforms) = preSolution
		Debug|Any CPU = Debug|Any CPU
		Release|Any CPU = Release|Any CPU
	EndGlobalSection
	GlobalSection(ProjectConfigurationPlatforms) = postSolution
		{B881059C-B09C-4D68-BA83-755E412A1733}.Debug|Any CPU.ActiveCfg = Debug|Any CPU
		{B881059C-B09C-4D68-BA83-755E412A1733}.Debug|Any CPU.Build.0 = Debug|Any CPU
		{B881059C-B09C-4D68-BA83-755E412A1733}.Release|Any CPU.ActiveCfg = Release|Any CPU
		{B881059C-B09C-4D68-BA83-755E412A1733}.Release|Any CPU.Build.0 = Release|Any CPU
	EndGlobalSection
	GlobalSection(SolutionProperties) = preSolution
		HideSolutionNode = FALSE
	EndGlobalSection
	GlobalSection(ExtensibilityGlobals) = postSolution
		SolutionGuid = {AA2EBEF3-148F-49B7-A9A6-A1BCD101F785}
	EndGlobalSection
EndGlobal
